Microsoft Visual Studio Solution File, Format Version 12.00
# Visual Studio Version 17
VisualStudioVersion = 17.5.2.0
MinimumVisualStudioVersion = 10.0.40219.1
Project("{FAE04EC0-301F-11D3-BF4B-00C04F79EFBC}") = "ModelPrint.Api", "ModelPrint.Api\ModelPrint.Api.csproj", "{B1F5FE9E-2677-1F42-B005-5DD9B06E6895}"
EndProject
Project("{FAE04EC0-301F-11D3-BF4B-00C04F79EFBC}") = "ModelPrint.AppHost", "ModelPrint.AppHost\ModelPrint.AppHost.csproj", "{607693E0-9746-6F3A-ABF4-C55EE5882556}"
EndProject
Global
	GlobalSection(SolutionConfigurationPlatforms) = preSolution
		Debug|Any CPU = Debug|Any CPU
		Release|Any CPU = Release|Any CPU
	EndGlobalSection
	GlobalSection(ProjectConfigurationPlatforms) = postSolution
		{B1F5FE9E-2677-1F42-B005-5DD9B06E6895}.Debug|Any CPU.ActiveCfg = Debug|Any CPU
		{B1F5FE9E-2677-1F42-B005-5DD9B06E6895}.Debug|Any CPU.Build.0 = Debug|Any CPU
		{B1F5FE9E-2677-1F42-B005-5DD9B06E6895}.Release|Any CPU.ActiveCfg = Release|Any CPU
		{B1F5FE9E-2677-1F42-B005-5DD9B06E6895}.Release|Any CPU.Build.0 = Release|Any CPU
		{607693E0-9746-6F3A-ABF4-C55EE5882556}.Debug|Any CPU.ActiveCfg = Debug|Any CPU
		{607693E0-9746-6F3A-ABF4-C55EE5882556}.Debug|Any CPU.Build.0 = Debug|Any CPU
		{607693E0-9746-6F3A-ABF4-C55EE5882556}.Release|Any CPU.ActiveCfg = Release|Any CPU
		{607693E0-9746-6F3A-ABF4-C55EE5882556}.Release|Any CPU.Build.0 = Release|Any CPU
	EndGlobalSection
	GlobalSection(SolutionProperties) = preSolution
		HideSolutionNode = FALSE
	EndGlobalSection
	GlobalSection(ExtensibilityGlobals) = postSolution
		SolutionGuid = {BAD493A3-BA65-4B66-80A8-1743D0C3747D}
	EndGlobalSection
EndGlobal
